{
  "lockfileVersion": 1,
  "configVersion": 1,
  "workspaces": {
    "": {
      "dependencies": {
        "surge": "^0.44.4",
      },
    },
  },
  "packages": {
    "@colors/colors": ["@colors/colors@1.5.0", "", {}, "sha512-ooWCrlZP11i8GImSjTHYHLkvFDP48nS4+204nGb1RiX/WXYHmJA2III9/e2DWVabCESdW7hBAEzHRqUn9OUVvQ=="],

    "@isaacs/fs-minipass": ["@isaacs/fs-minipass@4.0.1", "", { "dependencies": { "minipass": "^7.0.4" } }, "sha512-wgm9Ehl2jpeqP3zw/7mo3kRHFp5MEDhqAdwy1fTGkHAwnkGOVsgpvQhL8B5n1qlb01jV3n/bI0ZfZp5lWA1k4w=="],

    "ansi-regex": ["ansi-regex@5.0.1", "", {}, "sha512-quJQXlTSUGL2LH9SUXo8VwsY4soanhgo6LNSm84E1LBcE8s3O0wpdiRzyR9z/ZZJMlMWv37qOOb9pdJlMUEKFQ=="],

    "chartscii": ["chartscii@4.0.3", "", { "dependencies": { "styl3": "3.1.1" } }, "sha512-nVTuqmt+z/U/rLgf3bGruQRKPDnshfmWFZ5ol1HygAB94MT02GX1N4pwe31KaWgovhYYmI/xhdXEHyGAVFe3Sw=="],

    "chownr": ["chownr@3.0.0", "", {}, "sha512-+IxzY9BZOQd/XuYPRmrvEVjF/nqj5kgT4kEq7VofrDoM1MxoRjEWkrCC3EtLi59TVawxTAn+orJwFQcrqEN1+g=="],

    "cli-table3": ["cli-table3@0.6.5", "", { "dependencies": { "string-width": "^4.2.0" }, "optionalDependencies": { "@colors/colors": "1.5.0" } }, "sha512-+W/5efTR7y5HRD7gACw9yQjqMVvEMLBHmboM/kPWam+H+Hmyrgjh6YncVKK122YZkXrLudzTuAukUw9FnMf7IQ=="],

    "colors": ["colors@1.4.0", "", {}, "sha512-a+UqTh4kgZg/SlGvfbzDHpgRu7AAQOmmqRHJnxhRZICKFUT91brVhNNt58CMWU9PsBbv3PDCZUHbVxuDiH2mtA=="],

    "emoji-regex": ["emoji-regex@8.0.0", "", {}, "sha512-MSjYzcWNOA0ewAHpz0MxpYFvwg6yjy1NG3xteoqz644VCo/RPgnr1/GGt+ic3iJTzQ8Eu3TdM14SawnVUmGE6A=="],

    "human-readable-numbers": ["human-readable-numbers@0.9.5", "", {}, "sha512-VC1uYLm7FR+4UkLaQdXPLodz7xTVLBte3X6iMCYK/uPJywoHyEZfR40+kCN4YqYd+FNCPJAJNYv2CSMvAprgsQ=="],

    "ignore": ["ignore@7.0.9", "", {}, "sha512-brTTsvFRt5C1gGHtPst/281UjPD5t9fBqbgoMPlVWy11ZLTPfu7HxK4ZYqO9H7o/yC9rSTCI85EaQ4OoY12qYw=="],

    "is-domain": ["is-domain@0.0.1", "", {}, "sha512-hLm9uZUDm/sk0+xZgxyJluSf4B37sg3ivzv4ndTxNCAMnWFUUsHh1u4eh2maEcEvQl3mc65a9pJ/KURGItbLIg=="],

    "is-fullwidth-code-point": ["is-fullwidth-code-point@3.0.0", "", {}, "sha512-zymm5+u+sCsSWyD9qNaejV3DFvhCKclKdizYaJUuHA83RLjb7nSuGnddCHGv0hk+KY7BMAlsWeK4Ueg6EV6XQg=="],

    "kleur": ["kleur@3.0.3", "", {}, "sha512-eTIzlVOSUR+JxdDFepEYcBMtZ9Qqdef+rnzWdRZuMbOywu5tO2w2N7rqjoANZ5k9vywhL6Br1VRjUIgTQx4E8w=="],

    "minimist": ["minimist@1.2.8", "", {}, "sha512-2yyAR8qBkN3YuheJanUpWC5U3bb5osDywNB8RzDVlDwDHbocAJveqqj1u8+SVD7jkWT4yvsHCpWqqWqAxb0zCA=="],

    "minipass": ["minipass@7.1.3", "", {}, "sha512-tEBHqDnIoM/1rXME1zgka9g6Q2lcoCkxHLuc7ODJ5BxbP5d4c2Z5cGgtXAku59200Cx7diuHTOYfSBD8n6mm8A=="],

    "minizlib": ["minizlib@3.1.0", "", { "dependencies": { "minipass": "^7.1.2" } }, "sha512-KZxYo1BUkWD2TVFLr0MQoM8vUUigWD3LlD83a/75BqC+4qE0Hb1Vo5v1FgcfaNXvfXzr+5EhQ6ing/CaBijTlw=="],

    "moniker": ["moniker@0.1.2", "", {}, "sha512-Uj9iV0QYr6281G+o0TvqhKwHHWB2Q/qUTT4LPQ3qDGc0r8cbMuqQjRXPZuVZ+gcL7APx+iQgE8lcfWPrj1LsLA=="],

    "mute-stream": ["mute-stream@0.0.8", "", {}, "sha512-nnbWWOkoWyUsTjKrhgD0dcz22mdkSnpYqbEjIm2nhwhuxlSkpywJmBo8h0ZqJdkp73mb90SssHkN4rsRaBAfAA=="],

    "netrc": ["netrc@0.1.4", "", {}, "sha512-ye8AIYWQcP9MvoM1i0Z2jV0qed31Z8EWXYnyGNkiUAd+Fo8J+7uy90xTV8g/oAbhtjkY7iZbNTizQaXdKUuwpQ=="],

    "progress": ["progress@2.0.3", "", {}, "sha512-7PiHtLll5LdnKIMw100I+8xJXR5gW2QwWYkT6iJva0bXitZKa/XMrSbdmg3r2Xnaidz9Qumd0VPaMrZlF9V9sA=="],

    "prompts": ["prompts@2.4.2", "", { "dependencies": { "kleur": "^3.0.3", "sisteransi": "^1.0.5" } }, "sha512-NxNv/kLguCA7p3jE8oL2aEBsrJWgAakBpgmgK6lpPWV+WuOmY6r2/zbAVnP+T8bQlA0nzHXSJSJW0Hq7ylaD2Q=="],

    "read": ["read@1.0.5", "", { "dependencies": { "mute-stream": "~0.0.4" } }, "sha512-hDLATrzYLoMu23c/69pMC6u3fO3Y0qLTIygJkEZHLOn+AO2gSapu6QgrgwX9ehyVtaRoZVZbF4IuiZPPRdGgdg=="],

    "sisteransi": ["sisteransi@1.0.5", "", {}, "sha512-bLGGlR1QxBcynn2d5YmDX4MGjlZvy2MRBDRNHLJ8VI6l6+9FUiyTFNJ0IveOSP0bcXgVDPRcfGqA0pjaqUpfVg=="],

    "split": ["split@1.0.1", "", { "dependencies": { "through": "2" } }, "sha512-mTyOoPbrivtXnwnIxZRFYRrPNtEFKlpB2fvjSnCQUiAA6qAZzqwna5envK4uk6OIeP17CsdF3rSBGYVBsU0Tkg=="],

    "string-width": ["string-width@4.2.3", "", { "dependencies": { "emoji-regex": "^8.0.0", "is-fullwidth-code-point": "^3.0.0", "strip-ansi": "^6.0.1" } }, "sha512-wKyQRQpjJ0sIp62ErSZdGsjMJWsap5oRNihHhu6G7JVO/9jIB6UyevL+tXuOqrng8j/cxKTWyWUwvSTriiZz/g=="],

    "strip-ansi": ["strip-ansi@6.0.1", "", { "dependencies": { "ansi-regex": "^5.0.1" } }, "sha512-Y38VPSHcqkFrCpFnQ9vuSXmquuv5oXOKpGeT6aGrr3o3Gc9AlVa6JBfUSOCnbxGGZF+/0ooI7KrPuUSztUdU5A=="],

    "styl3": ["styl3@3.1.1", "", {}, "sha512-WRTBm/bs2ZfkbIQTk59xfJ0x/X4VKUSm/3u6egDFHNrYCcXYfWauBgq129whvYREvEOlOPQjDu1TARHyxCzCjQ=="],

    "surge": ["surge@0.44.4", "", { "dependencies": { "chartscii": "4.0.3", "cli-table3": "0.6.5", "colors": "1.4.0", "human-readable-numbers": "0.9.5", "ignore": "7.0.9", "is-domain": "0.0.1", "minimist": "1.2.8", "moniker": "0.1.2", "netrc": "0.1.4", "progress": "2.0.3", "prompts": "2.4.2", "read": "1.0.5", "surge-ignore": "0.3.0", "surge-sdk": "0.20.0", "surge-stream": "0.20.0", "url-parse-as-address": "1.0.0", "xbytes": "1.9.1" }, "bin": { "surge": "bin/surge" } }, "sha512-hRm5IlIWHYufpin9PDxzEkLHqAAxKO7dPMTnrOkgIWBqL78QLQsF65wFjfuQ8cBNh9FsCN+HQb6Tchap8M+gNg=="],

    "surge-ignore": ["surge-ignore@0.3.0", "", {}, "sha512-tFq03FSTC2w6iVyJkzgFzwa2+lW4DZheIvStTO4Vn82Mk1x9aJyt/WUz5sKZE9woCn5dPB7nLARVFqJXDv5trA=="],

    "surge-sdk": ["surge-sdk@0.20.0", "", {}, "sha512-ARgx8F64NhkxzuEsvGAZeXWPnsOr9hWW3W44au/nSFJLnL3s0o1K9KGBU2j9tBUa8xz7klolFRvbV8gzaiEMVQ=="],

    "surge-stream": ["surge-stream@0.20.0", "", { "dependencies": { "ignore": "7.0.5", "split": "1.0.1", "surge-ignore": "0.3.0", "tar": "7.5.22" } }, "sha512-omvx31wB1xGfoFb2GTiWDjyzk5pEjgRIUZnlwfkfJtbH2HQv3oEwWy75BPA7i/vNjoqmu45ZJR54LCNHsF+4hw=="],

    "tar": ["tar@7.5.22", "", { "dependencies": { "@isaacs/fs-minipass": "^4.0.0", "chownr": "^3.0.0", "minipass": "^7.1.2", "minizlib": "^3.1.0", "yallist": "^5.0.0" } }, "sha512-MFO/QzvtAOmJbkhOaCTvbGcFN9L9b+JunIsDwaKljSOdcLMea3NJ1k9Usz/rjdfSXTq4dfzfeS7W4p4YOAAHeA=="],

    "through": ["through@2.3.8", "", {}, "sha512-w89qg7PI8wAdvX60bMDP+bFoD5Dvhm9oLheFp5O4a2QF0cSBGsBX4qZmadPMvVqlLJBBci+WqGGOAPvcDeNSVg=="],

    "url-parse-as-address": ["url-parse-as-address@1.0.0", "", {}, "sha512-1WJ8YX1Kcec9wgxy8d/ATzGP1ayO6BRnd3iB6NlM+7cOnn6U8p5PKppRTCPLobh3CSdJ4d0TdPjopzyU2KcVFw=="],

    "xbytes": ["xbytes@1.9.1", "", {}, "sha512-29E0ygMFWrM5JW2W1ypmezjyR2FOS5aCszdLe620ymSJBoZzL0/RCLJKCoUFu3DfQGhZ/FWykEBp5dfEy6+hjA=="],

    "yallist": ["yallist@5.0.0", "", {}, "sha512-YgvUTfwqyc7UXVMrB+SImsVYSmTS8X/tSrtdNZMImM+n7+QTriRXyXim0mBrTXNeqzVF0KWGgHPeiyViFFrNDw=="],

    "surge-stream/ignore": ["ignore@7.0.5", "", {}, "sha512-Hs59xBNfUIunMFgWAbGX5cq6893IbWg4KnrjbYwX3tx0ztorVgTDA6B2sxf8ejHJ4wz8BqGUMYlnzNBer5NvGg=="],
  }
}
